
Microsoft Visual Studio Solution File, Format Version 12.00
# Visual Studio 2013
VisualStudioVersion = 12.0.40629.0
MinimumVisualStudioVersion = 10.0.40219.1
Project("{2150E333-8FDC-42A3-9474-1A3956D46DE8}") = "0. Test Cases", "0. Test Cases", "{3CBB20BB-6226-4E18-8A73-6A5F9D76978F}"
EndProject
Project("{2150E333-8FDC-42A3-9474-1A3956D46DE8}") = "1. DataAccess", "1. DataAccess", "{A0C31F7D-6BEE-4D46-9155-8001D713646F}"
EndProject
Project("{2150E333-8FDC-42A3-9474-1A3956D46DE8}") = "2. Business", "2. Business", "{5EF3C81D-31D1-4CC5-8584-7DF25FB67B10}"
EndProject
Project("{2150E333-8FDC-42A3-9474-1A3956D46DE8}") = "8. General Object Resources", "8. General Object Resources", "{E105A464-F713-4A9E-AD04-DEDC2EB08A91}"
EndProject
Project("{FAE04EC0-301F-11D3-BF4B-00C04F79EFBC}") = "ClinicalTrail.DataAccess", "ClinicalTrail.DataAccess\ClinicalTrail.DataAccess.csproj", "{D2B2D7BE-0901-4290-8652-1EDE4F40841D}"
EndProject
Project("{2150E333-8FDC-42A3-9474-1A3956D46DE8}") = "3. Services", "3. Services", "{BBBF3BE3-A5D4-45E4-B0AE-D08D896CF15D}"
EndProject
Project("{FAE04EC0-301F-11D3-BF4B-00C04F79EFBC}") = "ClinicalTrail.Services.WebAPI", "ClinicalTrail.Services.WebAPI\ClinicalTrail.Services.WebAPI.csproj", "{CE3DDE4E-EAD3-4C5E-B95C-62A0F8F9A6BB}"
EndProject
Project("{FAE04EC0-301F-11D3-BF4B-00C04F79EFBC}") = "ClinicalTrail.Services.WCFService", "ClinicalTrail.Services.WCFService\ClinicalTrail.Services.WCFService.csproj", "{6406BD4D-6313-4C09-A46B-C530E4D8E5DB}"
EndProject
Project("{2150E333-8FDC-42A3-9474-1A3956D46DE8}") = "5. Presentation", "5. Presentation", "{53933B25-F41C-4223-8410-454258A0F6CD}"
EndProject
Project("{FAE04EC0-301F-11D3-BF4B-00C04F79EFBC}") = "ClinicalTrail.Application.WebApplication", "ClinicalTrail.Application.WebApplication\ClinicalTrail.Application.WebApplication.csproj", "{038996A5-C6AB-4698-A19C-979538DD1152}"
	ProjectSection(ProjectDependencies) = postProject
		{6406BD4D-6313-4C09-A46B-C530E4D8E5DB} = {6406BD4D-6313-4C09-A46B-C530E4D8E5DB}
	EndProjectSection
EndProject
Project("{FAE04EC0-301F-11D3-BF4B-00C04F79EFBC}") = "ClinicalTrail.Business", "ClinicalTrail.Business\ClinicalTrail.Business.csproj", "{402DC0B5-1EDD-45EF-98F2-67CF8ED893FE}"
EndProject
Project("{FAE04EC0-301F-11D3-BF4B-00C04F79EFBC}") = "ClinicalTrail.GeneralObjectStore", "ClinicalTrail.GeneralObjectStore\ClinicalTrail.GeneralObjectStore.csproj", "{E91DCF10-4E52-496B-87B3-6E2463DE713D}"
EndProject
Project("{2150E333-8FDC-42A3-9474-1A3956D46DE8}") = "1. WCFService", "1. WCFService", "{88DF6425-5C0F-4D47-9DBB-C466BEC1646C}"
EndProject
Project("{2150E333-8FDC-42A3-9474-1A3956D46DE8}") = "2. WebAPIService", "2. WebAPIService", "{01B81077-346F-48FA-8744-C4EAD20C1F31}"
EndProject
Project("{2150E333-8FDC-42A3-9474-1A3956D46DE8}") = "3. WindowsService", "3. WindowsService", "{9F263561-9015-4C7C-9494-9105775D3738}"
EndProject
Project("{FAE04EC0-301F-11D3-BF4B-00C04F79EFBC}") = "ClinicalTrail.Services.WindowsService", "ClinicalTrail.Services.WindowsService\ClinicalTrail.Services.WindowsService.csproj", "{EBACF56C-EF89-4E63-9BA6-C962A8E2D62F}"
EndProject
Project("{FAE04EC0-301F-11D3-BF4B-00C04F79EFBC}") = "ClinicalTrail.Application.WebApplication.Test", "ClinicalTrail.Application.WebApplication.Test\ClinicalTrail.Application.WebApplication.Test.csproj", "{4D6452C0-1783-4D86-9664-DF9862BDA827}"
	ProjectSection(ProjectDependencies) = postProject
		{6406BD4D-6313-4C09-A46B-C530E4D8E5DB} = {6406BD4D-6313-4C09-A46B-C530E4D8E5DB}
	EndProjectSection
EndProject
Project("{2150E333-8FDC-42A3-9474-1A3956D46DE8}") = "1.1 Service Logic", "1.1 Service Logic", "{F1BA525F-4AC4-4F5E-BEAD-053B9ED898C3}"
EndProject
Project("{2150E333-8FDC-42A3-9474-1A3956D46DE8}") = "1.2 Service Host", "1.2 Service Host", "{BC2F751F-9A09-4D8D-BE93-49CCEAC50D80}"
EndProject
Project("{FAE04EC0-301F-11D3-BF4B-00C04F79EFBC}") = "ClinicalTrail.Services.FaultContract", "ClinicalTrail.Services.FaultContract\ClinicalTrail.Services.FaultContract.csproj", "{460D93B0-9C47-43B1-BC0B-1F4118C887FE}"
EndProject
Project("{FAE04EC0-301F-11D3-BF4B-00C04F79EFBC}") = "ClinicalTrail.Services.MessageContracts", "ClinicalTrail.Services.MessageContract\ClinicalTrail.Services.MessageContracts.csproj", "{E9EBC0E5-E26F-41AD-A78C-8020901B60A4}"
EndProject
Project("{FAE04EC0-301F-11D3-BF4B-00C04F79EFBC}") = "ClinicalTrail.Services.ServiceContracts", "ClinicalTrail.Services.ServiceContract\ClinicalTrail.Services.ServiceContracts.csproj", "{99AA1B5C-E256-4ED9-89AB-4ED2075A5DF7}"
EndProject
Project("{FAE04EC0-301F-11D3-BF4B-00C04F79EFBC}") = "ClinicalTrail.Services.ServiceImplementation", "ClinicalTrail.Services.ServiceImplementation\ClinicalTrail.Services.ServiceImplementation.csproj", "{D5C3E687-6129-4259-B17B-6087032E1A2A}"
EndProject
Global
	GlobalSection(SolutionConfigurationPlatforms) = preSolution
		Debug|Any CPU = Debug|Any CPU
		Release|Any CPU = Release|Any CPU
	EndGlobalSection
	GlobalSection(ProjectConfigurationPlatforms) = postSolution
		{D2B2D7BE-0901-4290-8652-1EDE4F40841D}.Debug|Any CPU.ActiveCfg = Debug|Any CPU
		{D2B2D7BE-0901-4290-8652-1EDE4F40841D}.Debug|Any CPU.Build.0 = Debug|Any CPU
		{D2B2D7BE-0901-4290-8652-1EDE4F40841D}.Release|Any CPU.ActiveCfg = Release|Any CPU
		{D2B2D7BE-0901-4290-8652-1EDE4F40841D}.Release|Any CPU.Build.0 = Release|Any CPU
		{CE3DDE4E-EAD3-4C5E-B95C-62A0F8F9A6BB}.Debug|Any CPU.ActiveCfg = Debug|Any CPU
		{CE3DDE4E-EAD3-4C5E-B95C-62A0F8F9A6BB}.Debug|Any CPU.Build.0 = Debug|Any CPU
		{CE3DDE4E-EAD3-4C5E-B95C-62A0F8F9A6BB}.Release|Any CPU.ActiveCfg = Release|Any CPU
		{CE3DDE4E-EAD3-4C5E-B95C-62A0F8F9A6BB}.Release|Any CPU.Build.0 = Release|Any CPU
		{6406BD4D-6313-4C09-A46B-C530E4D8E5DB}.Debug|Any CPU.ActiveCfg = Debug|Any CPU
		{6406BD4D-6313-4C09-A46B-C530E4D8E5DB}.Debug|Any CPU.Build.0 = Debug|Any CPU
		{6406BD4D-6313-4C09-A46B-C530E4D8E5DB}.Release|Any CPU.ActiveCfg = Release|Any CPU
		{6406BD4D-6313-4C09-A46B-C530E4D8E5DB}.Release|Any CPU.Build.0 = Release|Any CPU
		{038996A5-C6AB-4698-A19C-979538DD1152}.Debug|Any CPU.ActiveCfg = Debug|Any CPU
		{038996A5-C6AB-4698-A19C-979538DD1152}.Debug|Any CPU.Build.0 = Debug|Any CPU
		{038996A5-C6AB-4698-A19C-979538DD1152}.Release|Any CPU.ActiveCfg = Release|Any CPU
		{038996A5-C6AB-4698-A19C-979538DD1152}.Release|Any CPU.Build.0 = Release|Any CPU
		{402DC0B5-1EDD-45EF-98F2-67CF8ED893FE}.Debug|Any CPU.ActiveCfg = Debug|Any CPU
		{402DC0B5-1EDD-45EF-98F2-67CF8ED893FE}.Debug|Any CPU.Build.0 = Debug|Any CPU
		{402DC0B5-1EDD-45EF-98F2-67CF8ED893FE}.Release|Any CPU.ActiveCfg = Release|Any CPU
		{402DC0B5-1EDD-45EF-98F2-67CF8ED893FE}.Release|Any CPU.Build.0 = Release|Any CPU
		{E91DCF10-4E52-496B-87B3-6E2463DE713D}.Debug|Any CPU.ActiveCfg = Debug|Any CPU
		{E91DCF10-4E52-496B-87B3-6E2463DE713D}.Debug|Any CPU.Build.0 = Debug|Any CPU
		{E91DCF10-4E52-496B-87B3-6E2463DE713D}.Release|Any CPU.ActiveCfg = Release|Any CPU
		{E91DCF10-4E52-496B-87B3-6E2463DE713D}.Release|Any CPU.Build.0 = Release|Any CPU
		{EBACF56C-EF89-4E63-9BA6-C962A8E2D62F}.Debug|Any CPU.ActiveCfg = Debug|Any CPU
		{EBACF56C-EF89-4E63-9BA6-C962A8E2D62F}.Debug|Any CPU.Build.0 = Debug|Any CPU
		{EBACF56C-EF89-4E63-9BA6-C962A8E2D62F}.Release|Any CPU.ActiveCfg = Release|Any CPU
		{EBACF56C-EF89-4E63-9BA6-C962A8E2D62F}.Release|Any CPU.Build.0 = Release|Any CPU
		{4D6452C0-1783-4D86-9664-DF9862BDA827}.Debug|Any CPU.ActiveCfg = Debug|Any CPU
		{4D6452C0-1783-4D86-9664-DF9862BDA827}.Debug|Any CPU.Build.0 = Debug|Any CPU
		{4D6452C0-1783-4D86-9664-DF9862BDA827}.Release|Any CPU.ActiveCfg = Release|Any CPU
		{4D6452C0-1783-4D86-9664-DF9862BDA827}.Release|Any CPU.Build.0 = Release|Any CPU
		{460D93B0-9C47-43B1-BC0B-1F4118C887FE}.Debug|Any CPU.ActiveCfg = Debug|Any CPU
		{460D93B0-9C47-43B1-BC0B-1F4118C887FE}.Debug|Any CPU.Build.0 = Debug|Any CPU
		{460D93B0-9C47-43B1-BC0B-1F4118C887FE}.Release|Any CPU.ActiveCfg = Release|Any CPU
		{460D93B0-9C47-43B1-BC0B-1F4118C887FE}.Release|Any CPU.Build.0 = Release|Any CPU
		{E9EBC0E5-E26F-41AD-A78C-8020901B60A4}.Debug|Any CPU.ActiveCfg = Debug|Any CPU
		{E9EBC0E5-E26F-41AD-A78C-8020901B60A4}.Debug|Any CPU.Build.0 = Debug|Any CPU
		{E9EBC0E5-E26F-41AD-A78C-8020901B60A4}.Release|Any CPU.ActiveCfg = Release|Any CPU
		{E9EBC0E5-E26F-41AD-A78C-8020901B60A4}.Release|Any CPU.Build.0 = Release|Any CPU
		{99AA1B5C-E256-4ED9-89AB-4ED2075A5DF7}.Debug|Any CPU.ActiveCfg = Debug|Any CPU
		{99AA1B5C-E256-4ED9-89AB-4ED2075A5DF7}.Debug|Any CPU.Build.0 = Debug|Any CPU
		{99AA1B5C-E256-4ED9-89AB-4ED2075A5DF7}.Release|Any CPU.ActiveCfg = Release|Any CPU
		{99AA1B5C-E256-4ED9-89AB-4ED2075A5DF7}.Release|Any CPU.Build.0 = Release|Any CPU
		{D5C3E687-6129-4259-B17B-6087032E1A2A}.Debug|Any CPU.ActiveCfg = Debug|Any CPU
		{D5C3E687-6129-4259-B17B-6087032E1A2A}.Debug|Any CPU.Build.0 = Debug|Any CPU
		{D5C3E687-6129-4259-B17B-6087032E1A2A}.Release|Any CPU.ActiveCfg = Release|Any CPU
		{D5C3E687-6129-4259-B17B-6087032E1A2A}.Release|Any CPU.Build.0 = Release|Any CPU
	EndGlobalSection
	GlobalSection(SolutionProperties) = preSolution
		HideSolutionNode = FALSE
	EndGlobalSection
	GlobalSection(NestedProjects) = preSolution
		{D2B2D7BE-0901-4290-8652-1EDE4F40841D} = {A0C31F7D-6BEE-4D46-9155-8001D713646F}
		{CE3DDE4E-EAD3-4C5E-B95C-62A0F8F9A6BB} = {01B81077-346F-48FA-8744-C4EAD20C1F31}
		{6406BD4D-6313-4C09-A46B-C530E4D8E5DB} = {BC2F751F-9A09-4D8D-BE93-49CCEAC50D80}
		{038996A5-C6AB-4698-A19C-979538DD1152} = {53933B25-F41C-4223-8410-454258A0F6CD}
		{402DC0B5-1EDD-45EF-98F2-67CF8ED893FE} = {5EF3C81D-31D1-4CC5-8584-7DF25FB67B10}
		{E91DCF10-4E52-496B-87B3-6E2463DE713D} = {E105A464-F713-4A9E-AD04-DEDC2EB08A91}
		{88DF6425-5C0F-4D47-9DBB-C466BEC1646C} = {BBBF3BE3-A5D4-45E4-B0AE-D08D896CF15D}
		{01B81077-346F-48FA-8744-C4EAD20C1F31} = {BBBF3BE3-A5D4-45E4-B0AE-D08D896CF15D}
		{9F263561-9015-4C7C-9494-9105775D3738} = {BBBF3BE3-A5D4-45E4-B0AE-D08D896CF15D}
		{EBACF56C-EF89-4E63-9BA6-C962A8E2D62F} = {9F263561-9015-4C7C-9494-9105775D3738}
		{4D6452C0-1783-4D86-9664-DF9862BDA827} = {3CBB20BB-6226-4E18-8A73-6A5F9D76978F}
		{F1BA525F-4AC4-4F5E-BEAD-053B9ED898C3} = {88DF6425-5C0F-4D47-9DBB-C466BEC1646C}
		{BC2F751F-9A09-4D8D-BE93-49CCEAC50D80} = {88DF6425-5C0F-4D47-9DBB-C466BEC1646C}
		{460D93B0-9C47-43B1-BC0B-1F4118C887FE} = {F1BA525F-4AC4-4F5E-BEAD-053B9ED898C3}
		{E9EBC0E5-E26F-41AD-A78C-8020901B60A4} = {F1BA525F-4AC4-4F5E-BEAD-053B9ED898C3}
		{99AA1B5C-E256-4ED9-89AB-4ED2075A5DF7} = {F1BA525F-4AC4-4F5E-BEAD-053B9ED898C3}
		{D5C3E687-6129-4259-B17B-6087032E1A2A} = {F1BA525F-4AC4-4F5E-BEAD-053B9ED898C3}
	EndGlobalSection
EndGlobal
